// !$*UTF8*$!
{
	archiveVersion = 1;
	classes = {
	};
	objectVersion = 56;
	objects = {

/* Begin PBXBuildFile section */
		D50378542C6C964E00D83CCB /* DefaultExercises.swift in Sources */ = {isa = PBXBuildFile; fileRef = D50378532C6C964E00D83CCB /* DefaultExercises.swift */; };
		D50474882C89F89900A59D81 /* RoutineWorkoutSheet.swift in Sources */ = {isa = PBXBuildFile; fileRef = D50474872C89F89900A59D81 /* RoutineWorkoutSheet.swift */; };
		D504748A2C89FB4300A59D81 /* RoutineExercisePickerView.swift in Sources */ = {isa = PBXBuildFile; fileRef = D50474892C89FB4300A59D81 /* RoutineExercisePickerView.swift */; };
		D51B93CB2C8B2D4700E31B2A /* CreateRoutineView.swift in Sources */ = {isa = PBXBuildFile; fileRef = D51B93CA2C8B2D4700E31B2A /* CreateRoutineView.swift */; };
		D51B93CD2C8B39EB00E31B2A /* RoutinesView.swift in Sources */ = {isa = PBXBuildFile; fileRef = D51B93CC2C8B39EB00E31B2A /* RoutinesView.swift */; };
		D53BC5902C8744B700FD24CA /* RoutinesGroupBox.swift in Sources */ = {isa = PBXBuildFile; fileRef = D53BC58F2C8744B700FD24CA /* RoutinesGroupBox.swift */; };
		D53BC5922C87766200FD24CA /* RoutinesModel.swift in Sources */ = {isa = PBXBuildFile; fileRef = D53BC5912C87766200FD24CA /* RoutinesModel.swift */; };
		D53DF6B12C75DE400094AC2A /* ExerciseHistoryView.swift in Sources */ = {isa = PBXBuildFile; fileRef = D53DF6B02C75DE400094AC2A /* ExerciseHistoryView.swift */; };
		D53FA5812C734293004D1170 /* SettingsTab.swift in Sources */ = {isa = PBXBuildFile; fileRef = D53FA5802C734293004D1170 /* SettingsTab.swift */; };
		D5483B422C7B823D00EBA2D0 /* CopyWorkoutView.swift in Sources */ = {isa = PBXBuildFile; fileRef = D5483B412C7B823D00EBA2D0 /* CopyWorkoutView.swift */; };
		D55A60692C7DE690009E94E2 /* MonthPicker.swift in Sources */ = {isa = PBXBuildFile; fileRef = D55A60682C7DE690009E94E2 /* MonthPicker.swift */; };
		D55A606C2C7DE761009E94E2 /* CreateWorkoutButtons.swift in Sources */ = {isa = PBXBuildFile; fileRef = D55A606B2C7DE761009E94E2 /* CreateWorkoutButtons.swift */; };
		D55A606E2C7DE833009E94E2 /* ViewWorkoutSheet.swift in Sources */ = {isa = PBXBuildFile; fileRef = D55A606D2C7DE833009E94E2 /* ViewWorkoutSheet.swift */; };
		D55A60702C7DE9E3009E94E2 /* EntryItem.swift in Sources */ = {isa = PBXBuildFile; fileRef = D55A606F2C7DE9E3009E94E2 /* EntryItem.swift */; };
		D5A531142C71AD910071E647 /* ExerciseImage.swift in Sources */ = {isa = PBXBuildFile; fileRef = D5A531132C71AD910071E647 /* ExerciseImage.swift */; };
		D5A531162C71B0870071E647 /* ExerciseListItem.swift in Sources */ = {isa = PBXBuildFile; fileRef = D5A531152C71B0870071E647 /* ExerciseListItem.swift */; };
		D5A531182C71F5940071E647 /* ExerciseModel.swift in Sources */ = {isa = PBXBuildFile; fileRef = D5A531172C71F5940071E647 /* ExerciseModel.swift */; };
		D5D7DAC82C731E4A0059DD07 /* WorkoutEntryItem.swift in Sources */ = {isa = PBXBuildFile; fileRef = D5D7DAC72C731E4A0059DD07 /* WorkoutEntryItem.swift */; };
		D5E641232C6B6AB0008397A4 /* MainApp.swift in Sources */ = {isa = PBXBuildFile; fileRef = D5E641222C6B6AB0008397A4 /* MainApp.swift */; };
		D5E641252C6B6AB0008397A4 /* MainView.swift in Sources */ = {isa = PBXBuildFile; fileRef = D5E641242C6B6AB0008397A4 /* MainView.swift */; };
		D5E641272C6B6AB2008397A4 /* Assets.xcassets in Resources */ = {isa = PBXBuildFile; fileRef = D5E641262C6B6AB2008397A4 /* Assets.xcassets */; };
		D5E6412A2C6B6AB2008397A4 /* Preview Assets.xcassets in Resources */ = {isa = PBXBuildFile; fileRef = D5E641292C6B6AB2008397A4 /* Preview Assets.xcassets */; };
		D5E641312C6B6B3D008397A4 /* LogTab.swift in Sources */ = {isa = PBXBuildFile; fileRef = D5E641302C6B6B3D008397A4 /* LogTab.swift */; };
		D5E641342C6B6C19008397A4 /* HistoryTab.swift in Sources */ = {isa = PBXBuildFile; fileRef = D5E641332C6B6C19008397A4 /* HistoryTab.swift */; };
		D5E641362C6B6CB3008397A4 /* EditWorkoutView.swift in Sources */ = {isa = PBXBuildFile; fileRef = D5E641352C6B6CB3008397A4 /* EditWorkoutView.swift */; };
		D5E641392C6B6FA9008397A4 /* WorkoutModel.swift in Sources */ = {isa = PBXBuildFile; fileRef = D5E641382C6B6FA9008397A4 /* WorkoutModel.swift */; };
		D5E6413B2C6B7D0D008397A4 /* ExercisePickerView.swift in Sources */ = {isa = PBXBuildFile; fileRef = D5E6413A2C6B7D0D008397A4 /* ExercisePickerView.swift */; };
		D5E6413D2C6B7DCB008397A4 /* EditExerciseView.swift in Sources */ = {isa = PBXBuildFile; fileRef = D5E6413C2C6B7DCB008397A4 /* EditExerciseView.swift */; };
		D5ED1CF62C807FB500A5879F /* CalendarGridView.swift in Sources */ = {isa = PBXBuildFile; fileRef = D5ED1CF52C807FB500A5879F /* CalendarGridView.swift */; };
		D5FC99092C88CF550050F302 /* RoutineListItem.swift in Sources */ = {isa = PBXBuildFile; fileRef = D5FC99082C88CF550050F302 /* RoutineListItem.swift */; };
/* End PBXBuildFile section */

/* Begin PBXFileReference section */
		D50378532C6C964E00D83CCB /* DefaultExercises.swift */ = {isa = PBXFileReference; lastKnownFileType = sourcecode.swift; path = DefaultExercises.swift; sourceTree = "<group>"; };
		D50474872C89F89900A59D81 /* RoutineWorkoutSheet.swift */ = {isa = PBXFileReference; lastKnownFileType = sourcecode.swift; path = RoutineWorkoutSheet.swift; sourceTree = "<group>"; };
		D50474892C89FB4300A59D81 /* RoutineExercisePickerView.swift */ = {isa = PBXFileReference; lastKnownFileType = sourcecode.swift; path = RoutineExercisePickerView.swift; sourceTree = "<group>"; };
		D51B93CA2C8B2D4700E31B2A /* CreateRoutineView.swift */ = {isa = PBXFileReference; lastKnownFileType = sourcecode.swift; path = CreateRoutineView.swift; sourceTree = "<group>"; };
		D51B93CC2C8B39EB00E31B2A /* RoutinesView.swift */ = {isa = PBXFileReference; lastKnownFileType = sourcecode.swift; path = RoutinesView.swift; sourceTree = "<group>"; };
		D53BC58F2C8744B700FD24CA /* RoutinesGroupBox.swift */ = {isa = PBXFileReference; lastKnownFileType = sourcecode.swift; path = RoutinesGroupBox.swift; sourceTree = "<group>"; };
		D53BC5912C87766200FD24CA /* RoutinesModel.swift */ = {isa = PBXFileReference; lastKnownFileType = sourcecode.swift; path = RoutinesModel.swift; sourceTree = "<group>"; };
		D53DF6B02C75DE400094AC2A /* ExerciseHistoryView.swift */ = {isa = PBXFileReference; lastKnownFileType = sourcecode.swift; path = ExerciseHistoryView.swift; sourceTree = "<group>"; };
		D53FA5802C734293004D1170 /* SettingsTab.swift */ = {isa = PBXFileReference; lastKnownFileType = sourcecode.swift; path = SettingsTab.swift; sourceTree = "<group>"; };
		D5483B412C7B823D00EBA2D0 /* CopyWorkoutView.swift */ = {isa = PBXFileReference; lastKnownFileType = sourcecode.swift; path = CopyWorkoutView.swift; sourceTree = "<group>"; };
		D55A60682C7DE690009E94E2 /* MonthPicker.swift */ = {isa = PBXFileReference; lastKnownFileType = sourcecode.swift; path = MonthPicker.swift; sourceTree = "<group>"; };
		D55A606B2C7DE761009E94E2 /* CreateWorkoutButtons.swift */ = {isa = PBXFileReference; lastKnownFileType = sourcecode.swift; path = CreateWorkoutButtons.swift; sourceTree = "<group>"; };
		D55A606D2C7DE833009E94E2 /* ViewWorkoutSheet.swift */ = {isa = PBXFileReference; lastKnownFileType = sourcecode.swift; path = ViewWorkoutSheet.swift; sourceTree = "<group>"; };
		D55A606F2C7DE9E3009E94E2 /* EntryItem.swift */ = {isa = PBXFileReference; lastKnownFileType = sourcecode.swift; path = EntryItem.swift; sourceTree = "<group>"; };
		D5A531132C71AD910071E647 /* ExerciseImage.swift */ = {isa = PBXFileReference; lastKnownFileType = sourcecode.swift; path = ExerciseImage.swift; sourceTree = "<group>"; };
		D5A531152C71B0870071E647 /* ExerciseListItem.swift */ = {isa = PBXFileReference; lastKnownFileType = sourcecode.swift; path = ExerciseListItem.swift; sourceTree = "<group>"; };
		D5A531172C71F5940071E647 /* ExerciseModel.swift */ = {isa = PBXFileReference; lastKnownFileType = sourcecode.swift; path = ExerciseModel.swift; sourceTree = "<group>"; };
		D5D7DAC72C731E4A0059DD07 /* WorkoutEntryItem.swift */ = {isa = PBXFileReference; lastKnownFileType = sourcecode.swift; path = WorkoutEntryItem.swift; sourceTree = "<group>"; };
		D5E6411F2C6B6AB0008397A4 /* Gearless Gainz.app */ = {isa = PBXFileReference; explicitFileType = wrapper.application; includeInIndex = 0; path = "Gearless Gainz.app"; sourceTree = BUILT_PRODUCTS_DIR; };
		D5E641222C6B6AB0008397A4 /* MainApp.swift */ = {isa = PBXFileReference; lastKnownFileType = sourcecode.swift; path = MainApp.swift; sourceTree = "<group>"; };
		D5E641242C6B6AB0008397A4 /* MainView.swift */ = {isa = PBXFileReference; lastKnownFileType = sourcecode.swift; path = MainView.swift; sourceTree = "<group>"; };
		D5E641262C6B6AB2008397A4 /* Assets.xcassets */ = {isa = PBXFileReference; lastKnownFileType = folder.assetcatalog; path = Assets.xcassets; sourceTree = "<group>"; };
		D5E641292C6B6AB2008397A4 /* Preview Assets.xcassets */ = {isa = PBXFileReference; lastKnownFileType = folder.assetcatalog; path = "Preview Assets.xcassets"; sourceTree = "<group>"; };
		D5E641302C6B6B3D008397A4 /* LogTab.swift */ = {isa = PBXFileReference; lastKnownFileType = sourcecode.swift; path = LogTab.swift; sourceTree = "<group>"; };
		D5E641332C6B6C19008397A4 /* HistoryTab.swift */ = {isa = PBXFileReference; lastKnownFileType = sourcecode.swift; path = HistoryTab.swift; sourceTree = "<group>"; };
		D5E641352C6B6CB3008397A4 /* EditWorkoutView.swift */ = {isa = PBXFileReference; lastKnownFileType = sourcecode.swift; path = EditWorkoutView.swift; sourceTree = "<group>"; };
		D5E641382C6B6FA9008397A4 /* WorkoutModel.swift */ = {isa = PBXFileReference; lastKnownFileType = sourcecode.swift; path = WorkoutModel.swift; sourceTree = "<group>"; };
		D5E6413A2C6B7D0D008397A4 /* ExercisePickerView.swift */ = {isa = PBXFileReference; lastKnownFileType = sourcecode.swift; path = ExercisePickerView.swift; sourceTree = "<group>"; };
		D5E6413C2C6B7DCB008397A4 /* EditExerciseView.swift */ = {isa = PBXFileReference; lastKnownFileType = sourcecode.swift; path = EditExerciseView.swift; sourceTree = "<group>"; };
		D5ED1CF52C807FB500A5879F /* CalendarGridView.swift */ = {isa = PBXFileReference; lastKnownFileType = sourcecode.swift; path = CalendarGridView.swift; sourceTree = "<group>"; };
		D5FC99082C88CF550050F302 /* RoutineListItem.swift */ = {isa = PBXFileReference; lastKnownFileType = sourcecode.swift; path = RoutineListItem.swift; sourceTree = "<group>"; };
/* End PBXFileReference section */

/* Begin PBXFrameworksBuildPhase section */
		D5E6411C2C6B6AB0008397A4 /* Frameworks */ = {
			isa = PBXFrameworksBuildPhase;
			buildActionMask = 2147483647;
			files = (
			);
			runOnlyForDeploymentPostprocessing = 0;
		};
/* End PBXFrameworksBuildPhase section */

/* Begin PBXGroup section */
		D54466682C6C7AFE00468800 /* EditWorkoutView */ = {
			isa = PBXGroup;
			children = (
				D5E641352C6B6CB3008397A4 /* EditWorkoutView.swift */,
				D5D7DAC72C731E4A0059DD07 /* WorkoutEntryItem.swift */,
				D5E6413A2C6B7D0D008397A4 /* ExercisePickerView.swift */,
				D5E6413C2C6B7DCB008397A4 /* EditExerciseView.swift */,
				D53DF6B02C75DE400094AC2A /* ExerciseHistoryView.swift */,
			);
			path = EditWorkoutView;
			sourceTree = "<group>";
		};
		D55A60672C7DE64F009E94E2 /* HistoryTab */ = {
			isa = PBXGroup;
			children = (
				D5E641332C6B6C19008397A4 /* HistoryTab.swift */,
				D55A606D2C7DE833009E94E2 /* ViewWorkoutSheet.swift */,
				D5ED1CF52C807FB500A5879F /* CalendarGridView.swift */,
			);
			path = HistoryTab;
			sourceTree = "<group>";
		};
		D55A606A2C7DE70D009E94E2 /* LogTab */ = {
			isa = PBXGroup;
			children = (
				D5E641302C6B6B3D008397A4 /* LogTab.swift */,
				D5483B412C7B823D00EBA2D0 /* CopyWorkoutView.swift */,
				D55A606B2C7DE761009E94E2 /* CreateWorkoutButtons.swift */,
				D53BC58F2C8744B700FD24CA /* RoutinesGroupBox.swift */,
				D5FC99072C88CF1B0050F302 /* RoutineView */,
			);
			path = LogTab;
			sourceTree = "<group>";
		};
		D5A531192C72286B0071E647 /* UI Elements */ = {
			isa = PBXGroup;
			children = (
				D5A531152C71B0870071E647 /* ExerciseListItem.swift */,
				D5A531132C71AD910071E647 /* ExerciseImage.swift */,
				D55A60682C7DE690009E94E2 /* MonthPicker.swift */,
				D55A606F2C7DE9E3009E94E2 /* EntryItem.swift */,
			);
			path = "UI Elements";
			sourceTree = "<group>";
		};
		D5E641162C6B6AB0008397A4 = {
			isa = PBXGroup;
			children = (
				D5E641212C6B6AB0008397A4 /* Gearless Gainz */,
				D5E641202C6B6AB0008397A4 /* Products */,
			);
			sourceTree = "<group>";
		};
		D5E641202C6B6AB0008397A4 /* Products */ = {
			isa = PBXGroup;
			children = (
				D5E6411F2C6B6AB0008397A4 /* Gearless Gainz.app */,
			);
			name = Products;
			sourceTree = "<group>";
		};
		D5E641212C6B6AB0008397A4 /* Gearless Gainz */ = {
			isa = PBXGroup;
			children = (
				D5E641222C6B6AB0008397A4 /* MainApp.swift */,
				D5A531192C72286B0071E647 /* UI Elements */,
				D5E6413E2C6B8F2D008397A4 /* Views */,
				D5E641372C6B6F79008397A4 /* Data */,
				D5E641262C6B6AB2008397A4 /* Assets.xcassets */,
				D5E641282C6B6AB2008397A4 /* Preview Content */,
			);
			path = "Gearless Gainz";
			sourceTree = "<group>";
		};
		D5E641282C6B6AB2008397A4 /* Preview Content */ = {
			isa = PBXGroup;
			children = (
				D5E641292C6B6AB2008397A4 /* Preview Assets.xcassets */,
			);
			path = "Preview Content";
			sourceTree = "<group>";
		};
		D5E641322C6B6B5F008397A4 /* Tabs */ = {
			isa = PBXGroup;
			children = (
				D55A606A2C7DE70D009E94E2 /* LogTab */,
				D55A60672C7DE64F009E94E2 /* HistoryTab */,
				D53FA5802C734293004D1170 /* SettingsTab.swift */,
			);
			path = Tabs;
			sourceTree = "<group>";
		};
		D5E641372C6B6F79008397A4 /* Data */ = {
			isa = PBXGroup;
			children = (
				D5E641382C6B6FA9008397A4 /* WorkoutModel.swift */,
				D50378532C6C964E00D83CCB /* DefaultExercises.swift */,
				D5A531172C71F5940071E647 /* ExerciseModel.swift */,
				D53BC5912C87766200FD24CA /* RoutinesModel.swift */,
			);
			path = Data;
			sourceTree = "<group>";
		};
		D5E6413E2C6B8F2D008397A4 /* Views */ = {
			isa = PBXGroup;
			children = (
				D5E641242C6B6AB0008397A4 /* MainView.swift */,
				D5E641322C6B6B5F008397A4 /* Tabs */,
				D54466682C6C7AFE00468800 /* EditWorkoutView */,
			);
			path = Views;
			sourceTree = "<group>";
		};
		D5FC99072C88CF1B0050F302 /* RoutineView */ = {
			isa = PBXGroup;
			children = (
				D51B93CC2C8B39EB00E31B2A /* RoutinesView.swift */,
				D5FC99082C88CF550050F302 /* RoutineListItem.swift */,
				D50474872C89F89900A59D81 /* RoutineWorkoutSheet.swift */,
				D50474892C89FB4300A59D81 /* RoutineExercisePickerView.swift */,
				D51B93CA2C8B2D4700E31B2A /* CreateRoutineView.swift */,
			);
			path = RoutineView;
			sourceTree = "<group>";
		};
/* End PBXGroup section */

/* Begin PBXNativeTarget section */
		D5E6411E2C6B6AB0008397A4 /* Gearless Gainz */ = {
			isa = PBXNativeTarget;
			buildConfigurationList = D5E6412D2C6B6AB2008397A4 /* Build configuration list for PBXNativeTarget "Gearless Gainz" */;
			buildPhases = (
				D5E6411B2C6B6AB0008397A4 /* Sources */,
				D5E6411C2C6B6AB0008397A4 /* Frameworks */,
				D5E6411D2C6B6AB0008397A4 /* Resources */,
			);
			buildRules = (
			);
			dependencies = (
			);
			name = "Gearless Gainz";
			productName = "Gearless Gainz";
			productReference = D5E6411F2C6B6AB0008397A4 /* Gearless Gainz.app */;
			productType = "com.apple.product-type.application";
		};
/* End PBXNativeTarget section */

/* Begin PBXProject section */
		D5E641172C6B6AB0008397A4 /* Project object */ = {
			isa = PBXProject;
			attributes = {
				BuildIndependentTargetsInParallel = 1;
				LastSwiftUpdateCheck = 1530;
				LastUpgradeCheck = 1530;
				TargetAttributes = {
					D5E6411E2C6B6AB0008397A4 = {
						CreatedOnToolsVersion = 15.3;
					};
				};
			};
			buildConfigurationList = D5E6411A2C6B6AB0008397A4 /* Build configuration list for PBXProject "Gearless Gainz" */;
			compatibilityVersion = "Xcode 14.0";
			developmentRegion = en;
			hasScannedForEncodings = 0;
			knownRegions = (
				en,
				Base,
			);
			mainGroup = D5E641162C6B6AB0008397A4;
			productRefGroup = D5E641202C6B6AB0008397A4 /* Products */;
			projectDirPath = "";
			projectRoot = "";
			targets = (
				D5E6411E2C6B6AB0008397A4 /* Gearless Gainz */,
			);
		};
/* End PBXProject section */

/* Begin PBXResourcesBuildPhase section */
		D5E6411D2C6B6AB0008397A4 /* Resources */ = {
			isa = PBXResourcesBuildPhase;
			buildActionMask = 2147483647;
			files = (
				D5E6412A2C6B6AB2008397A4 /* Preview Assets.xcassets in Resources */,
				D5E641272C6B6AB2008397A4 /* Assets.xcassets in Resources */,
			);
			runOnlyForDeploymentPostprocessing = 0;
		};
/* End PBXResourcesBuildPhase section */

/* Begin PBXSourcesBuildPhase section */
		D5E6411B2C6B6AB0008397A4 /* Sources */ = {
			isa = PBXSourcesBuildPhase;
			buildActionMask = 2147483647;
			files = (
				D5E641252C6B6AB0008397A4 /* MainView.swift in Sources */,
				D5483B422C7B823D00EBA2D0 /* CopyWorkoutView.swift in Sources */,
				D55A606C2C7DE761009E94E2 /* CreateWorkoutButtons.swift in Sources */,
				D53BC5922C87766200FD24CA /* RoutinesModel.swift in Sources */,
				D50474882C89F89900A59D81 /* RoutineWorkoutSheet.swift in Sources */,
				D55A60692C7DE690009E94E2 /* MonthPicker.swift in Sources */,
				D5E641342C6B6C19008397A4 /* HistoryTab.swift in Sources */,
				D53BC5902C8744B700FD24CA /* RoutinesGroupBox.swift in Sources */,
				D5ED1CF62C807FB500A5879F /* CalendarGridView.swift in Sources */,
				D55A606E2C7DE833009E94E2 /* ViewWorkoutSheet.swift in Sources */,
				D5E641232C6B6AB0008397A4 /* MainApp.swift in Sources */,
				D51B93CB2C8B2D4700E31B2A /* CreateRoutineView.swift in Sources */,
				D5D7DAC82C731E4A0059DD07 /* WorkoutEntryItem.swift in Sources */,
				D51B93CD2C8B39EB00E31B2A /* RoutinesView.swift in Sources */,
				D50378542C6C964E00D83CCB /* DefaultExercises.swift in Sources */,
				D504748A2C89FB4300A59D81 /* RoutineExercisePickerView.swift in Sources */,
				D5A531162C71B0870071E647 /* ExerciseListItem.swift in Sources */,
				D53FA5812C734293004D1170 /* SettingsTab.swift in Sources */,
				D55A60702C7DE9E3009E94E2 /* EntryItem.swift in Sources */,
				D5E641312C6B6B3D008397A4 /* LogTab.swift in Sources */,
				D53DF6B12C75DE400094AC2A /* ExerciseHistoryView.swift in Sources */,
				D5E6413B2C6B7D0D008397A4 /* ExercisePickerView.swift in Sources */,
				D5A531182C71F5940071E647 /* ExerciseModel.swift in Sources */,
				D5E641362C6B6CB3008397A4 /* EditWorkoutView.swift in Sources */,
				D5E6413D2C6B7DCB008397A4 /* EditExerciseView.swift in Sources */,
				D5FC99092C88CF550050F302 /* RoutineListItem.swift in Sources */,
				D5E641392C6B6FA9008397A4 /* WorkoutModel.swift in Sources */,
				D5A531142C71AD910071E647 /* ExerciseImage.swift in Sources */,
			);
			runOnlyForDeploymentPostprocessing = 0;
		};
/* End PBXSourcesBuildPhase section */

/* Begin XCBuildConfiguration section */
		D5E6412B2C6B6AB2008397A4 /* Debug */ = {
			isa = XCBuildConfiguration;
			buildSettings = {
				ALWAYS_SEARCH_USER_PATHS = NO;
				ASSETCATALOG_COMPILER_GENERATE_SWIFT_ASSET_SYMBOL_EXTENSIONS = YES;
				CLANG_ANALYZER_NONNULL = YES;
				CLANG_ANALYZER_NUMBER_OBJECT_CONVERSION = YES_AGGRESSIVE;
				CLANG_CXX_LANGUAGE_STANDARD = "gnu++20";
				CLANG_ENABLE_MODULES = YES;
				CLANG_ENABLE_OBJC_ARC = YES;
				CLANG_ENABLE_OBJC_WEAK = YES;
				CLANG_WARN_BLOCK_CAPTURE_AUTORELEASING = YES;
				CLANG_WARN_BOOL_CONVERSION = YES;
				CLANG_WARN_COMMA = YES;
				CLANG_WARN_CONSTANT_CONVERSION = YES;
				CLANG_WARN_DEPRECATED_OBJC_IMPLEMENTATIONS = YES;
				CLANG_WARN_DIRECT_OBJC_ISA_USAGE = YES_ERROR;
				CLANG_WARN_DOCUMENTATION_COMMENTS = YES;
				CLANG_WARN_EMPTY_BODY = YES;
				CLANG_WARN_ENUM_CONVERSION = YES;
				CLANG_WARN_INFINITE_RECURSION = YES;
				CLANG_WARN_INT_CONVERSION = YES;
				CLANG_WARN_NON_LITERAL_NULL_CONVERSION = YES;
				CLANG_WARN_OBJC_IMPLICIT_RETAIN_SELF = YES;
				CLANG_WARN_OBJC_LITERAL_CONVERSION = YES;
				CLANG_WARN_OBJC_ROOT_CLASS = YES_ERROR;
				CLANG_WARN_QUOTED_INCLUDE_IN_FRAMEWORK_HEADER = YES;
				CLANG_WARN_RANGE_LOOP_ANALYSIS = YES;
				CLANG_WARN_STRICT_PROTOTYPES = YES;
				CLANG_WARN_SUSPICIOUS_MOVE = YES;
				CLANG_WARN_UNGUARDED_AVAILABILITY = YES_AGGRESSIVE;
				CLANG_WARN_UNREACHABLE_CODE = YES;
				CLANG_WARN__DUPLICATE_METHOD_MATCH = YES;
				COPY_PHASE_STRIP = NO;
				DEBUG_INFORMATION_FORMAT = dwarf;
				ENABLE_STRICT_OBJC_MSGSEND = YES;
				ENABLE_TESTABILITY = YES;
				ENABLE_USER_SCRIPT_SANDBOXING = YES;
				GCC_C_LANGUAGE_STANDARD = gnu17;
				GCC_DYNAMIC_NO_PIC = NO;
				GCC_NO_COMMON_BLOCKS = YES;
				GCC_OPTIMIZATION_LEVEL = 0;
				GCC_PREPROCESSOR_DEFINITIONS = (
					"DEBUG=1",
					"$(inherited)",
				);
				GCC_WARN_64_TO_32_BIT_CONVERSION = YES;
				GCC_WARN_ABOUT_RETURN_TYPE = YES_ERROR;
				GCC_WARN_UNDECLARED_SELECTOR = YES;
				GCC_WARN_UNINITIALIZED_AUTOS = YES_AGGRESSIVE;
				GCC_WARN_UNUSED_FUNCTION = YES;
				GCC_WARN_UNUSED_VARIABLE = YES;
				IPHONEOS_DEPLOYMENT_TARGET = 17.4;
				LOCALIZATION_PREFERS_STRING_CATALOGS = YES;
				MTL_ENABLE_DEBUG_INFO = INCLUDE_SOURCE;
				MTL_FAST_MATH = YES;
				ONLY_ACTIVE_ARCH = YES;
				SDKROOT = iphoneos;
				SWIFT_ACTIVE_COMPILATION_CONDITIONS = "DEBUG $(inherited)";
				SWIFT_OPTIMIZATION_LEVEL = "-Onone";
			};
			name = Debug;
		};
		D5E6412C2C6B6AB2008397A4 /* Release */ = {
			isa = XCBuildConfiguration;
			buildSettings = {
				ALWAYS_SEARCH_USER_PATHS = NO;
				ASSETCATALOG_COMPILER_GENERATE_SWIFT_ASSET_SYMBOL_EXTENSIONS = YES;
				CLANG_ANALYZER_NONNULL = YES;
				CLANG_ANALYZER_NUMBER_OBJECT_CONVERSION = YES_AGGRESSIVE;
				CLANG_CXX_LANGUAGE_STANDARD = "gnu++20";
				CLANG_ENABLE_MODULES = YES;
				CLANG_ENABLE_OBJC_ARC = YES;
				CLANG_ENABLE_OBJC_WEAK = YES;
				CLANG_WARN_BLOCK_CAPTURE_AUTORELEASING = YES;
				CLANG_WARN_BOOL_CONVERSION = YES;
				CLANG_WARN_COMMA = YES;
				CLANG_WARN_CONSTANT_CONVERSION = YES;
				CLANG_WARN_DEPRECATED_OBJC_IMPLEMENTATIONS = YES;
				CLANG_WARN_DIRECT_OBJC_ISA_USAGE = YES_ERROR;
				CLANG_WARN_DOCUMENTATION_COMMENTS = YES;
				CLANG_WARN_EMPTY_BODY = YES;
				CLANG_WARN_ENUM_CONVERSION = YES;
				CLANG_WARN_INFINITE_RECURSION = YES;
				CLANG_WARN_INT_CONVERSION = YES;
				CLANG_WARN_NON_LITERAL_NULL_CONVERSION = YES;
				CLANG_WARN_OBJC_IMPLICIT_RETAIN_SELF = YES;
				CLANG_WARN_OBJC_LITERAL_CONVERSION = YES;
				CLANG_WARN_OBJC_ROOT_CLASS = YES_ERROR;
				CLANG_WARN_QUOTED_INCLUDE_IN_FRAMEWORK_HEADER = YES;
				CLANG_WARN_RANGE_LOOP_ANALYSIS = YES;
				CLANG_WARN_STRICT_PROTOTYPES = YES;
				CLANG_WARN_SUSPICIOUS_MOVE = YES;
				CLANG_WARN_UNGUARDED_AVAILABILITY = YES_AGGRESSIVE;
				CLANG_WARN_UNREACHABLE_CODE = YES;
				CLANG_WARN__DUPLICATE_METHOD_MATCH = YES;
				COPY_PHASE_STRIP = NO;
				DEBUG_INFORMATION_FORMAT = "dwarf-with-dsym";
				ENABLE_NS_ASSERTIONS = NO;
				ENABLE_STRICT_OBJC_MSGSEND = YES;
				ENABLE_USER_SCRIPT_SANDBOXING = YES;
				GCC_C_LANGUAGE_STANDARD = gnu17;
				GCC_NO_COMMON_BLOCKS = YES;
				GCC_WARN_64_TO_32_BIT_CONVERSION = YES;
				GCC_WARN_ABOUT_RETURN_TYPE = YES_ERROR;
				GCC_WARN_UNDECLARED_SELECTOR = YES;
				GCC_WARN_UNINITIALIZED_AUTOS = YES_AGGRESSIVE;
				GCC_WARN_UNUSED_FUNCTION = YES;
				GCC_WARN_UNUSED_VARIABLE = YES;
				IPHONEOS_DEPLOYMENT_TARGET = 17.4;
				LOCALIZATION_PREFERS_STRING_CATALOGS = YES;
				MTL_ENABLE_DEBUG_INFO = NO;
				MTL_FAST_MATH = YES;
				SDKROOT = iphoneos;
				SWIFT_COMPILATION_MODE = wholemodule;
				VALIDATE_PRODUCT = YES;
			};
			name = Release;
		};
		D5E6412E2C6B6AB2008397A4 /* Debug */ = {
			isa = XCBuildConfiguration;
			buildSettings = {
				ASSETCATALOG_COMPILER_APPICON_NAME = AppIcon;
				ASSETCATALOG_COMPILER_GLOBAL_ACCENT_COLOR_NAME = AccentColor;
				CODE_SIGN_STYLE = Automatic;
				CURRENT_PROJECT_VERSION = 1;
				DEVELOPMENT_ASSET_PATHS = "\"Gearless Gainz/Preview Content\"";
				DEVELOPMENT_TEAM = 4F9VT296PZ;
				ENABLE_PREVIEWS = YES;
				GENERATE_INFOPLIST_FILE = YES;
				INFOPLIST_KEY_CFBundleDisplayName = "Gearless Gainz";
				INFOPLIST_KEY_UIApplicationSceneManifest_Generation = YES;
				INFOPLIST_KEY_UIApplicationSupportsIndirectInputEvents = YES;
				INFOPLIST_KEY_UILaunchScreen_Generation = YES;
				INFOPLIST_KEY_UISupportedInterfaceOrientations = "UIInterfaceOrientationLandscapeLeft UIInterfaceOrientationLandscapeRight UIInterfaceOrientationPortrait";
				INFOPLIST_KEY_UISupportedInterfaceOrientations_iPad = "UIInterfaceOrientationLandscapeLeft UIInterfaceOrientationLandscapeRight UIInterfaceOrientationPortrait UIInterfaceOrientationPortraitUpsideDown";
				LD_RUNPATH_SEARCH_PATHS = (
					"$(inherited)",
					"@executable_path/Frameworks",
				);
				MARKETING_VERSION = 1.0;
				PRODUCT_BUNDLE_IDENTIFIER = "com.rahulob.Gearless-Gainz";
				PRODUCT_NAME = "$(TARGET_NAME)";
				SWIFT_EMIT_LOC_STRINGS = YES;
				SWIFT_VERSION = 5.0;
				TARGETED_DEVICE_FAMILY = "1,2";
			};
			name = Debug;
		};
		D5E6412F2C6B6AB2008397A4 /* Release */ = {
			isa = XCBuildConfiguration;
			buildSettings = {
				ASSETCATALOG_COMPILER_APPICON_NAME = AppIcon;
				ASSETCATALOG_COMPILER_GLOBAL_ACCENT_COLOR_NAME = AccentColor;
				CODE_SIGN_STYLE = Automatic;
				CURRENT_PROJECT_VERSION = 1;
				DEVELOPMENT_ASSET_PATHS = "\"Gearless Gainz/Preview Content\"";
				DEVELOPMENT_TEAM = 4F9VT296PZ;
				ENABLE_PREVIEWS = YES;
				GENERATE_INFOPLIST_FILE = YES;
				INFOPLIST_KEY_CFBundleDisplayName = "Gearless Gainz";
				INFOPLIST_KEY_UIApplicationSceneManifest_Generation = YES;
				INFOPLIST_KEY_UIApplicationSupportsIndirectInputEvents = YES;
				INFOPLIST_KEY_UILaunchScreen_Generation = YES;
				INFOPLIST_KEY_UISupportedInterfaceOrientations = "UIInterfaceOrientationLandscapeLeft UIInterfaceOrientationLandscapeRight UIInterfaceOrientationPortrait";
				INFOPLIST_KEY_UISupportedInterfaceOrientations_iPad = "UIInterfaceOrientationLandscapeLeft UIInterfaceOrientationLandscapeRight UIInterfaceOrientationPortrait UIInterfaceOrientationPortraitUpsideDown";
				LD_RUNPATH_SEARCH_PATHS = (
					"$(inherited)",
					"@executable_path/Frameworks",
				);
				MARKETING_VERSION = 1.0;
				PRODUCT_BUNDLE_IDENTIFIER = "com.rahulob.Gearless-Gainz";
				PRODUCT_NAME = "$(TARGET_NAME)";
				SWIFT_EMIT_LOC_STRINGS = YES;
				SWIFT_VERSION = 5.0;
				TARGETED_DEVICE_FAMILY = "1,2";
			};
			name = Release;
		};
/* End XCBuildConfiguration section */

/* Begin XCConfigurationList section */
		D5E6411A2C6B6AB0008397A4 /* Build configuration list for PBXProject "Gearless Gainz" */ = {
			isa = XCConfigurationList;
			buildConfigurations = (
				D5E6412B2C6B6AB2008397A4 /* Debug */,
				D5E6412C2C6B6AB2008397A4 /* Release */,
			);
			defaultConfigurationIsVisible = 0;
			defaultConfigurationName = Release;
		};
		D5E6412D2C6B6AB2008397A4 /* Build configuration list for PBXNativeTarget "Gearless Gainz" */ = {
			isa = XCConfigurationList;
			buildConfigurations = (
				D5E6412E2C6B6AB2008397A4 /* Debug */,
				D5E6412F2C6B6AB2008397A4 /* Release */,
			);
			defaultConfigurationIsVisible = 0;
			defaultConfigurationName = Release;
		};
/* End XCConfigurationList section */
	};
	rootObject = D5E641172C6B6AB0008397A4 /* Project object */;
}
